
Microsoft Visual Studio Solution File, Format Version 12.00
# Visual Studio Version 16
VisualStudioVersion = 16.0.29418.71
MinimumVisualStudioVersion = 10.0.40219.1
Project("{FAE04EC0-301F-11D3-BF4B-00C04F79EFBC}") = "TrashCollector", "TrashCollector\TrashCollector.csproj", "{6FA2C4D4-510D-4126-A283-E739ECED9856}"
EndProject
Global
	GlobalSection(SolutionConfigurationPlatforms) = preSolution
		Debug|Any CPU = Debug|Any CPU
		Release|Any CPU = Release|Any CPU
	EndGlobalSection
	GlobalSection(ProjectConfigurationPlatforms) = postSolution
		{6FA2C4D4-510D-4126-A283-E739ECED9856}.Debug|Any CPU.ActiveCfg = Debug|Any CPU
		{6FA2C4D4-510D-4126-A283-E739ECED9856}.Debug|Any CPU.Build.0 = Debug|Any CPU
		{6FA2C4D4-510D-4126-A283-E739ECED9856}.Release|Any CPU.ActiveCfg = Release|Any CPU
		{6FA2C4D4-510D-4126-A283-E739ECED9856}.Release|Any CPU.Build.0 = Release|Any CPU
	EndGlobalSection
	GlobalSection(SolutionProperties) = preSolution
		HideSolutionNode = FALSE
	EndGlobalSection
	GlobalSection(ExtensibilityGlobals) = postSolution
		SolutionGuid = {CAA0DF96-488C-49D1-9A55-74734A702388}
	EndGlobalSection
EndGlobal
